
Microsoft Visual Studio Solution File, Format Version 12.00
# Visual Studio Version 17
VisualStudioVersion = 17.4.33103.184
MinimumVisualStudioVersion = 10.0.40219.1
Project("{FAE04EC0-301F-11D3-BF4B-00C04F79EFBC}") = "Rusu_Denisa_Proiect", "Rusu_Denisa_Proiect\Rusu_Denisa_Proiect.csproj", "{485DB0AE-9007-4193-981E-D147878AFBD6}"
EndProject
Global
	GlobalSection(SolutionConfigurationPlatforms) = preSolution
		Debug|Any CPU = Debug|Any CPU
		Release|Any CPU = Release|Any CPU
	EndGlobalSection
	GlobalSection(ProjectConfigurationPlatforms) = postSolution
		{485DB0AE-9007-4193-981E-D147878AFBD6}.Debug|Any CPU.ActiveCfg = Debug|Any CPU
		{485DB0AE-9007-4193-981E-D147878AFBD6}.Debug|Any CPU.Build.0 = Debug|Any CPU
		{485DB0AE-9007-4193-981E-D147878AFBD6}.Release|Any CPU.ActiveCfg = Release|Any CPU
		{485DB0AE-9007-4193-981E-D147878AFBD6}.Release|Any CPU.Build.0 = Release|Any CPU
	EndGlobalSection
	GlobalSection(SolutionProperties) = preSolution
		HideSolutionNode = FALSE
	EndGlobalSection
	GlobalSection(ExtensibilityGlobals) = postSolution
		SolutionGuid = {1D1FBEFD-1994-4DBA-8EF2-1E5F7D108748}
	EndGlobalSection
EndGlobal
